
Microsoft Visual Studio Solution File, Format Version 12.00
# Visual Studio Version 17
VisualStudioVersion = 17.0.31903.59
MinimumVisualStudioVersion = 10.0.40219.1
Project("{FAE04EC0-301F-11D3-BF4B-00C04F79EFBC}") = "ShivendraConsoleApp", "ShivendraConsoleApp\ShivendraConsoleApp.csproj", "{60389903-86D8-4341-9FEE-7E846E2E79CF}"
EndProject
Project("{FAE04EC0-301F-11D3-BF4B-00C04F79EFBC}") = "ShivendraGSTWindowsApp", "ShivendraGSTWindowsApp\ShivendraGSTWindowsApp.csproj", "{7D46A0BA-66A3-4D19-B10E-76B820762BA9}"
EndProject
Global
	GlobalSection(SolutionConfigurationPlatforms) = preSolution
		Debug|Any CPU = Debug|Any CPU
		Debug|x64 = Debug|x64
		Debug|x86 = Debug|x86
		Release|Any CPU = Release|Any CPU
		Release|x64 = Release|x64
		Release|x86 = Release|x86
	EndGlobalSection
	GlobalSection(ProjectConfigurationPlatforms) = postSolution
		{60389903-86D8-4341-9FEE-7E846E2E79CF}.Debug|Any CPU.ActiveCfg = Debug|Any CPU
		{60389903-86D8-4341-9FEE-7E846E2E79CF}.Debug|Any CPU.Build.0 = Debug|Any CPU
		{60389903-86D8-4341-9FEE-7E846E2E79CF}.Debug|x64.ActiveCfg = Debug|Any CPU
		{60389903-86D8-4341-9FEE-7E846E2E79CF}.Debug|x64.Build.0 = Debug|Any CPU
		{60389903-86D8-4341-9FEE-7E846E2E79CF}.Debug|x86.ActiveCfg = Debug|Any CPU
		{60389903-86D8-4341-9FEE-7E846E2E79CF}.Debug|x86.Build.0 = Debug|Any CPU
		{60389903-86D8-4341-9FEE-7E846E2E79CF}.Release|Any CPU.ActiveCfg = Release|Any CPU
		{60389903-86D8-4341-9FEE-7E846E2E79CF}.Release|Any CPU.Build.0 = Release|Any CPU
		{60389903-86D8-4341-9FEE-7E846E2E79CF}.Release|x64.ActiveCfg = Release|Any CPU
		{60389903-86D8-4341-9FEE-7E846E2E79CF}.Release|x64.Build.0 = Release|Any CPU
		{60389903-86D8-4341-9FEE-7E846E2E79CF}.Release|x86.ActiveCfg = Release|Any CPU
		{60389903-86D8-4341-9FEE-7E846E2E79CF}.Release|x86.Build.0 = Release|Any CPU
		{7D46A0BA-66A3-4D19-B10E-76B820762BA9}.Debug|Any CPU.ActiveCfg = Debug|Any CPU
		{7D46A0BA-66A3-4D19-B10E-76B820762BA9}.Debug|Any CPU.Build.0 = Debug|Any CPU
		{7D46A0BA-66A3-4D19-B10E-76B820762BA9}.Debug|x64.ActiveCfg = Debug|Any CPU
		{7D46A0BA-66A3-4D19-B10E-76B820762BA9}.Debug|x64.Build.0 = Debug|Any CPU
		{7D46A0BA-66A3-4D19-B10E-76B820762BA9}.Debug|x86.ActiveCfg = Debug|Any CPU
		{7D46A0BA-66A3-4D19-B10E-76B820762BA9}.Debug|x86.Build.0 = Debug|Any CPU
		{7D46A0BA-66A3-4D19-B10E-76B820762BA9}.Release|Any CPU.ActiveCfg = Release|Any CPU
		{7D46A0BA-66A3-4D19-B10E-76B820762BA9}.Release|Any CPU.Build.0 = Release|Any CPU
		{7D46A0BA-66A3-4D19-B10E-76B820762BA9}.Release|x64.ActiveCfg = Release|Any CPU
		{7D46A0BA-66A3-4D19-B10E-76B820762BA9}.Release|x64.Build.0 = Release|Any CPU
		{7D46A0BA-66A3-4D19-B10E-76B820762BA9}.Release|x86.ActiveCfg = Release|Any CPU
		{7D46A0BA-66A3-4D19-B10E-76B820762BA9}.Release|x86.Build.0 = Release|Any CPU
	EndGlobalSection
	GlobalSection(SolutionProperties) = preSolution
		HideSolutionNode = FALSE
	EndGlobalSection
EndGlobal
